
Microsoft Visual Studio Solution File, Format Version 12.00
# Visual Studio Version 17
VisualStudioVersion = 17.5.33502.453
MinimumVisualStudioVersion = 10.0.40219.1
Project("{FAE04EC0-301F-11D3-BF4B-00C04F79EFBC}") = "KKK", "AAA\KKK.csproj", "{560D0C2A-7F9A-4BB1-A196-93E85558524D}"
EndProject
Global
	GlobalSection(SolutionConfigurationPlatforms) = preSolution
		Debug|Any CPU = Debug|Any CPU
		Release|Any CPU = Release|Any CPU
	EndGlobalSection
	GlobalSection(ProjectConfigurationPlatforms) = postSolution
		{560D0C2A-7F9A-4BB1-A196-93E85558524D}.Debug|Any CPU.ActiveCfg = Debug|Any CPU
		{560D0C2A-7F9A-4BB1-A196-93E85558524D}.Debug|Any CPU.Build.0 = Debug|Any CPU
		{560D0C2A-7F9A-4BB1-A196-93E85558524D}.Release|Any CPU.ActiveCfg = Release|Any CPU
		{560D0C2A-7F9A-4BB1-A196-93E85558524D}.Release|Any CPU.Build.0 = Release|Any CPU
	EndGlobalSection
	GlobalSection(SolutionProperties) = preSolution
		HideSolutionNode = FALSE
	EndGlobalSection
	GlobalSection(ExtensibilityGlobals) = postSolution
		SolutionGuid = {D640ADC2-CE71-4774-9C70-2F129C8EB10F}
	EndGlobalSection
EndGlobal
